
Microsoft Visual Studio Solution File, Format Version 12.00
# Visual Studio Version 17
VisualStudioVersion = 17.0.31903.59
MinimumVisualStudioVersion = 10.0.40219.1
Project("{FAE04EC0-301F-11D3-BF4B-00C04F79EFBC}") = "The Uncoded Ones", "The Uncoded Ones\The Uncoded Ones.csproj", "{7C01D1D5-697A-4DBA-A72F-DD8410473ECE}"
EndProject
Global
	GlobalSection(SolutionConfigurationPlatforms) = preSolution
		Debug|Any CPU = Debug|Any CPU
		Release|Any CPU = Release|Any CPU
	EndGlobalSection
	GlobalSection(SolutionProperties) = preSolution
		HideSolutionNode = FALSE
	EndGlobalSection
	GlobalSection(ProjectConfigurationPlatforms) = postSolution
		{7C01D1D5-697A-4DBA-A72F-DD8410473ECE}.Debug|Any CPU.ActiveCfg = Debug|Any CPU
		{7C01D1D5-697A-4DBA-A72F-DD8410473ECE}.Debug|Any CPU.Build.0 = Debug|Any CPU
		{7C01D1D5-697A-4DBA-A72F-DD8410473ECE}.Release|Any CPU.ActiveCfg = Release|Any CPU
		{7C01D1D5-697A-4DBA-A72F-DD8410473ECE}.Release|Any CPU.Build.0 = Release|Any CPU
	EndGlobalSection
EndGlobal
